// !$*UTF8*$!
{
	archiveVersion = 1;
	classes = {
	};
	objectVersion = 77;
	objects = {

/* Begin PBXContainerItemProxy section */
		4DDF8DC12FB8E6BA002F796F /* PBXContainerItemProxy */ = {
			isa = PBXContainerItemProxy;
			containerPortal = 4DDF8DAB2FB8E6B9002F796F /* Project object */;
			proxyType = 1;
			remoteGlobalIDString = 4DDF8DB22FB8E6B9002F796F;
			remoteInfo = "Pocket Pull";
		};
		4DDF8DCB2FB8E6BA002F796F /* PBXContainerItemProxy */ = {
			isa = PBXContainerItemProxy;
			containerPortal = 4DDF8DAB2FB8E6B9002F796F /* Project object */;
			proxyType = 1;
			remoteGlobalIDString = 4DDF8DB22FB8E6B9002F796F;
			remoteInfo = "Pocket Pull";
		};
/* End PBXContainerItemProxy section */

/* Begin PBXFileReference section */
		4DDF8DB32FB8E6B9002F796F /* Pocket Pull.app */ = {isa = PBXFileReference; explicitFileType = wrapper.application; includeInIndex = 0; path = "Pocket Pull.app"; sourceTree = BUILT_PRODUCTS_DIR; };
		4DDF8DC02FB8E6BA002F796F /* Pocket PullTests.xctest */ = {isa = PBXFileReference; explicitFileType = wrapper.cfbundle; includeInIndex = 0; path = "Pocket PullTests.xctest"; sourceTree = BUILT_PRODUCTS_DIR; };
		4DDF8DCA2FB8E6BA002F796F /* Pocket PullUITests.xctest */ = {isa = PBXFileReference; explicitFileType = wrapper.cfbundle; includeInIndex = 0; path = "Pocket PullUITests.xctest"; sourceTree = BUILT_PRODUCTS_DIR; };
/* End PBXFileReference section */

/* Begin PBXFileSystemSynchronizedRootGroup section */
		4DDF8DB52FB8E6B9002F796F /* Pocket Pull */ = {
			isa = PBXFileSystemSynchronizedRootGroup;
			path = "Pocket Pull";
			sourceTree = "<group>";
		};
		4DDF8DC32FB8E6BA002F796F /* Pocket PullTests */ = {
			isa = PBXFileSystemSynchronizedRootGroup;
			path = "Pocket PullTests";
			sourceTree = "<group>";
		};
		4DDF8DCD2FB8E6BA002F796F /* Pocket PullUITests */ = {
			isa = PBXFileSystemSynchronizedRootGroup;
			path = "Pocket PullUITests";
			sourceTree = "<group>";
		};
/* End PBXFileSystemSynchronizedRootGroup section */

/* Begin PBXFrameworksBuildPhase section */
		4DDF8DB02FB8E6B9002F796F /* Frameworks */ = {
			isa = PBXFrameworksBuildPhase;
			buildActionMask = 2147483647;
			files = (
			);
			runOnlyForDeploymentPostprocessing = 0;
		};
		4DDF8DBD2FB8E6BA002F796F /* Frameworks */ = {
			isa = PBXFrameworksBuildPhase;
			buildActionMask = 2147483647;
			files = (
			);
			runOnlyForDeploymentPostprocessing = 0;
		};
		4DDF8DC72FB8E6BA002F796F /* Frameworks */ = {
			isa = PBXFrameworksBuildPhase;
			buildActionMask = 2147483647;
			files = (
			);
			runOnlyForDeploymentPostprocessing = 0;
		};
/* End PBXFrameworksBuildPhase section */

/* Begin PBXGroup section */
		4DDF8DAA2FB8E6B9002F796F = {
			isa = PBXGroup;
			children = (
				4DDF8DB52FB8E6B9002F796F /* Pocket Pull */,
				4DDF8DC32FB8E6BA002F796F /* Pocket PullTests */,
				4DDF8DCD2FB8E6BA002F796F /* Pocket PullUITests */,
				4DDF8DB42FB8E6B9002F796F /* Products */,
			);
			sourceTree = "<group>";
		};
		4DDF8DB42FB8E6B9002F796F /* Products */ = {
			isa = PBXGroup;
			children = (
				4DDF8DB32FB8E6B9002F796F /* Pocket Pull.app */,
				4DDF8DC02FB8E6BA002F796F /* Pocket PullTests.xctest */,
				4DDF8DCA2FB8E6BA002F796F /* Pocket PullUITests.xctest */,
			);
			name = Products;
			sourceTree = "<group>";
		};
/* End PBXGroup section */

/* Begin PBXNativeTarget section */
		4DDF8DB22FB8E6B9002F796F /* Pocket Pull */ = {
			isa = PBXNativeTarget;
			buildConfigurationList = 4DDF8DD42FB8E6BA002F796F /* Build configuration list for PBXNativeTarget "Pocket Pull" */;
			buildPhases = (
				4DDF8DAF2FB8E6B9002F796F /* Sources */,
				4DDF8DB02FB8E6B9002F796F /* Frameworks */,
				4DDF8DB12FB8E6B9002F796F /* Resources */,
			);
			buildRules = (
			);
			dependencies = (
			);
			fileSystemSynchronizedGroups = (
				4DDF8DB52FB8E6B9002F796F /* Pocket Pull */,
			);
			name = "Pocket Pull";
			packageProductDependencies = (
			);
			productName = "Pocket Pull";
			productReference = 4DDF8DB32FB8E6B9002F796F /* Pocket Pull.app */;
			productType = "com.apple.product-type.application";
		};
		4DDF8DBF2FB8E6BA002F796F /* Pocket PullTests */ = {
			isa = PBXNativeTarget;
			buildConfigurationList = 4DDF8DD72FB8E6BA002F796F /* Build configuration list for PBXNativeTarget "Pocket PullTests" */;
			buildPhases = (
				4DDF8DBC2FB8E6BA002F796F /* Sources */,
				4DDF8DBD2FB8E6BA002F796F /* Frameworks */,
				4DDF8DBE2FB8E6BA002F796F /* Resources */,
			);
			buildRules = (
			);
			dependencies = (
				4DDF8DC22FB8E6BA002F796F /* PBXTargetDependency */,
			);
			fileSystemSynchronizedGroups = (
				4DDF8DC32FB8E6BA002F796F /* Pocket PullTests */,
			);
			name = "Pocket PullTests";
			packageProductDependencies = (
			);
			productName = "Pocket PullTests";
			productReference = 4DDF8DC02FB8E6BA002F796F /* Pocket PullTests.xctest */;
			productType = "com.apple.product-type.bundle.unit-test";
		};
		4DDF8DC92FB8E6BA002F796F /* Pocket PullUITests */ = {
			isa = PBXNativeTarget;
			buildConfigurationList = 4DDF8DDA2FB8E6BA002F796F /* Build configuration list for PBXNativeTarget "Pocket PullUITests" */;
			buildPhases = (
				4DDF8DC62FB8E6BA002F796F /* Sources */,
				4DDF8DC72FB8E6BA002F796F /* Frameworks */,
				4DDF8DC82FB8E6BA002F796F /* Resources */,
			);
			buildRules = (
			);
			dependencies = (
				4DDF8DCC2FB8E6BA002F796F /* PBXTargetDependency */,
			);
			fileSystemSynchronizedGroups = (
				4DDF8DCD2FB8E6BA002F796F /* Pocket PullUITests */,
			);
			name = "Pocket PullUITests";
			packageProductDependencies = (
			);
			productName = "Pocket PullUITests";
			productReference = 4DDF8DCA2FB8E6BA002F796F /* Pocket PullUITests.xctest */;
			productType = "com.apple.product-type.bundle.ui-testing";
		};
/* End PBXNativeTarget section */

/* Begin PBXProject section */
		4DDF8DAB2FB8E6B9002F796F /* Project object */ = {
			isa = PBXProject;
			attributes = {
				BuildIndependentTargetsInParallel = 1;
				LastSwiftUpdateCheck = 2650;
				LastUpgradeCheck = 2650;
				TargetAttributes = {
					4DDF8DB22FB8E6B9002F796F = {
						CreatedOnToolsVersion = 26.5;
					};
					4DDF8DBF2FB8E6BA002F796F = {
						CreatedOnToolsVersion = 26.5;
						TestTargetID = 4DDF8DB22FB8E6B9002F796F;
					};
					4DDF8DC92FB8E6BA002F796F = {
						CreatedOnToolsVersion = 26.5;
						TestTargetID = 4DDF8DB22FB8E6B9002F796F;
					};
				};
			};
			buildConfigurationList = 4DDF8DAE2FB8E6B9002F796F /* Build configuration list for PBXProject "Pocket Pull" */;
			developmentRegion = en;
			hasScannedForEncodings = 0;
			knownRegions = (
				en,
				Base,
			);
			mainGroup = 4DDF8DAA2FB8E6B9002F796F;
			minimizedProjectReferenceProxies = 1;
			preferredProjectObjectVersion = 77;
			productRefGroup = 4DDF8DB42FB8E6B9002F796F /* Products */;
			projectDirPath = "";
			projectRoot = "";
			targets = (
				4DDF8DB22FB8E6B9002F796F /* Pocket Pull */,
				4DDF8DBF2FB8E6BA002F796F /* Pocket PullTests */,
				4DDF8DC92FB8E6BA002F796F /* Pocket PullUITests */,
			);
		};
/* End PBXProject section */

/* Begin PBXResourcesBuildPhase section */
		4DDF8DB12FB8E6B9002F796F /* Resources */ = {
			isa = PBXResourcesBuildPhase;
			buildActionMask = 2147483647;
			files = (
			);
			runOnlyForDeploymentPostprocessing = 0;
		};
		4DDF8DBE2FB8E6BA002F796F /* Resources */ = {
			isa = PBXResourcesBuildPhase;
			buildActionMask = 2147483647;
			files = (
			);
			runOnlyForDeploymentPostprocessing = 0;
		};
		4DDF8DC82FB8E6BA002F796F /* Resources */ = {
			isa = PBXResourcesBuildPhase;
			buildActionMask = 2147483647;
			files = (
			);
			runOnlyForDeploymentPostprocessing = 0;
		};
/* End PBXResourcesBuildPhase section */

/* Begin PBXSourcesBuildPhase section */
		4DDF8DAF2FB8E6B9002F796F /* Sources */ = {
			isa = PBXSourcesBuildPhase;
			buildActionMask = 2147483647;
			files = (
			);
			runOnlyForDeploymentPostprocessing = 0;
		};
		4DDF8DBC2FB8E6BA002F796F /* Sources */ = {
			isa = PBXSourcesBuildPhase;
			buildActionMask = 2147483647;
			files = (
			);
			runOnlyForDeploymentPostprocessing = 0;
		};
		4DDF8DC62FB8E6BA002F796F /* Sources */ = {
			isa = PBXSourcesBuildPhase;
			buildActionMask = 2147483647;
			files = (
			);
			runOnlyForDeploymentPostprocessing = 0;
		};
/* End PBXSourcesBuildPhase section */

/* Begin PBXTargetDependency section */
		4DDF8DC22FB8E6BA002F796F /* PBXTargetDependency */ = {
			isa = PBXTargetDependency;
			target = 4DDF8DB22FB8E6B9002F796F /* Pocket Pull */;
			targetProxy = 4DDF8DC12FB8E6BA002F796F /* PBXContainerItemProxy */;
		};
		4DDF8DCC2FB8E6BA002F796F /* PBXTargetDependency */ = {
			isa = PBXTargetDependency;
			target = 4DDF8DB22FB8E6B9002F796F /* Pocket Pull */;
			targetProxy = 4DDF8DCB2FB8E6BA002F796F /* PBXContainerItemProxy */;
		};
/* End PBXTargetDependency section */

/* Begin XCBuildConfiguration section */
		4DDF8DD22FB8E6BA002F796F /* Debug */ = {
			isa = XCBuildConfiguration;
			buildSettings = {
				ALWAYS_SEARCH_USER_PATHS = NO;
				ASSETCATALOG_COMPILER_GENERATE_SWIFT_ASSET_SYMBOL_EXTENSIONS = YES;
				CLANG_ANALYZER_NONNULL = YES;
				CLANG_ANALYZER_NUMBER_OBJECT_CONVERSION = YES_AGGRESSIVE;
				CLANG_CXX_LANGUAGE_STANDARD = "gnu++20";
				CLANG_ENABLE_MODULES = YES;
				CLANG_ENABLE_OBJC_ARC = YES;
				CLANG_ENABLE_OBJC_WEAK = YES;
				CLANG_WARN_BLOCK_CAPTURE_AUTORELEASING = YES;
				CLANG_WARN_BOOL_CONVERSION = YES;
				CLANG_WARN_COMMA = YES;
				CLANG_WARN_CONSTANT_CONVERSION = YES;
				CLANG_WARN_DEPRECATED_OBJC_IMPLEMENTATIONS = YES;
				CLANG_WARN_DIRECT_OBJC_ISA_USAGE = YES_ERROR;
				CLANG_WARN_DOCUMENTATION_COMMENTS = YES;
				CLANG_WARN_EMPTY_BODY = YES;
				CLANG_WARN_ENUM_CONVERSION = YES;
				CLANG_WARN_INFINITE_RECURSION = YES;
				CLANG_WARN_INT_CONVERSION = YES;
				CLANG_WARN_NON_LITERAL_NULL_CONVERSION = YES;
				CLANG_WARN_OBJC_IMPLICIT_RETAIN_SELF = YES;
				CLANG_WARN_OBJC_LITERAL_CONVERSION = YES;
				CLANG_WARN_OBJC_ROOT_CLASS = YES_ERROR;
				CLANG_WARN_QUOTED_INCLUDE_IN_FRAMEWORK_HEADER = YES;
				CLANG_WARN_RANGE_LOOP_ANALYSIS = YES;
				CLANG_WARN_STRICT_PROTOTYPES = YES;
				CLANG_WARN_SUSPICIOUS_MOVE = YES;
				CLANG_WARN_UNGUARDED_AVAILABILITY = YES_AGGRESSIVE;
				CLANG_WARN_UNREACHABLE_CODE = YES;
				CLANG_WARN__DUPLICATE_METHOD_MATCH = YES;
				COPY_PHASE_STRIP = NO;
				DEBUG_INFORMATION_FORMAT = dwarf;
				DEVELOPMENT_TEAM = R6SSQ5A38J;
				ENABLE_STRICT_OBJC_MSGSEND = YES;
				ENABLE_TESTABILITY = YES;
				ENABLE_USER_SCRIPT_SANDBOXING = YES;
				GCC_C_LANGUAGE_STANDARD = gnu17;
				GCC_DYNAMIC_NO_PIC = NO;
				GCC_NO_COMMON_BLOCKS = YES;
				GCC_OPTIMIZATION_LEVEL = 0;
				GCC_PREPROCESSOR_DEFINITIONS = (
					"DEBUG=1",
					"$(inherited)",
				);
				GCC_WARN_64_TO_32_BIT_CONVERSION = YES;
				GCC_WARN_ABOUT_RETURN_TYPE = YES_ERROR;
				GCC_WARN_UNDECLARED_SELECTOR = YES;
				GCC_WARN_UNINITIALIZED_AUTOS = YES_AGGRESSIVE;
				GCC_WARN_UNUSED_FUNCTION = YES;
				GCC_WARN_UNUSED_VARIABLE = YES;
				IPHONEOS_DEPLOYMENT_TARGET = 26.0;
				LOCALIZATION_PREFERS_STRING_CATALOGS = YES;
				MTL_ENABLE_DEBUG_INFO = INCLUDE_SOURCE;
				MTL_FAST_MATH = YES;
				ONLY_ACTIVE_ARCH = YES;
				SDKROOT = iphoneos;
				SWIFT_ACTIVE_COMPILATION_CONDITIONS = "DEBUG $(inherited)";
				SWIFT_OPTIMIZATION_LEVEL = "-Onone";
			};
			name = Debug;
		};
		4DDF8DD32FB8E6BA002F796F /* Release */ = {
			isa = XCBuildConfiguration;
			buildSettings = {
				ALWAYS_SEARCH_USER_PATHS = NO;
				ASSETCATALOG_COMPILER_GENERATE_SWIFT_ASSET_SYMBOL_EXTENSIONS = YES;
				CLANG_ANALYZER_NONNULL = YES;
				CLANG_ANALYZER_NUMBER_OBJECT_CONVERSION = YES_AGGRESSIVE;
				CLANG_CXX_LANGUAGE_STANDARD = "gnu++20";
				CLANG_ENABLE_MODULES = YES;
				CLANG_ENABLE_OBJC_ARC = YES;
				CLANG_ENABLE_OBJC_WEAK = YES;
				CLANG_WARN_BLOCK_CAPTURE_AUTORELEASING = YES;
				CLANG_WARN_BOOL_CONVERSION = YES;
				CLANG_WARN_COMMA = YES;
				CLANG_WARN_CONSTANT_CONVERSION = YES;
				CLANG_WARN_DEPRECATED_OBJC_IMPLEMENTATIONS = YES;
				CLANG_WARN_DIRECT_OBJC_ISA_USAGE = YES_ERROR;
				CLANG_WARN_DOCUMENTATION_COMMENTS = YES;
				CLANG_WARN_EMPTY_BODY = YES;
				CLANG_WARN_ENUM_CONVERSION = YES;
				CLANG_WARN_INFINITE_RECURSION = YES;
				CLANG_WARN_INT_CONVERSION = YES;
				CLANG_WARN_NON_LITERAL_NULL_CONVERSION = YES;
				CLANG_WARN_OBJC_IMPLICIT_RETAIN_SELF = YES;
				CLANG_WARN_OBJC_LITERAL_CONVERSION = YES;
				CLANG_WARN_OBJC_ROOT_CLASS = YES_ERROR;
				CLANG_WARN_QUOTED_INCLUDE_IN_FRAMEWORK_HEADER = YES;
				CLANG_WARN_RANGE_LOOP_ANALYSIS = YES;
				CLANG_WARN_STRICT_PROTOTYPES = YES;
				CLANG_WARN_SUSPICIOUS_MOVE = YES;
				CLANG_WARN_UNGUARDED_AVAILABILITY = YES_AGGRESSIVE;
				CLANG_WARN_UNREACHABLE_CODE = YES;
				CLANG_WARN__DUPLICATE_METHOD_MATCH = YES;
				COPY_PHASE_STRIP = NO;
				DEBUG_INFORMATION_FORMAT = "dwarf-with-dsym";
				DEVELOPMENT_TEAM = R6SSQ5A38J;
				ENABLE_NS_ASSERTIONS = NO;
				ENABLE_STRICT_OBJC_MSGSEND = YES;
				ENABLE_USER_SCRIPT_SANDBOXING = YES;
				GCC_C_LANGUAGE_STANDARD = gnu17;
				GCC_NO_COMMON_BLOCKS = YES;
				GCC_WARN_64_TO_32_BIT_CONVERSION = YES;
				GCC_WARN_ABOUT_RETURN_TYPE = YES_ERROR;
				GCC_WARN_UNDECLARED_SELECTOR = YES;
				GCC_WARN_UNINITIALIZED_AUTOS = YES_AGGRESSIVE;
				GCC_WARN_UNUSED_FUNCTION = YES;
				GCC_WARN_UNUSED_VARIABLE = YES;
				IPHONEOS_DEPLOYMENT_TARGET = 26.0;
				LOCALIZATION_PREFERS_STRING_CATALOGS = YES;
				MTL_ENABLE_DEBUG_INFO = NO;
				MTL_FAST_MATH = YES;
				SDKROOT = iphoneos;
				SWIFT_COMPILATION_MODE = wholemodule;
				VALIDATE_PRODUCT = YES;
			};
			name = Release;
		};
		4DDF8DD52FB8E6BA002F796F /* Debug */ = {
			isa = XCBuildConfiguration;
			buildSettings = {
				ASSETCATALOG_COMPILER_APPICON_NAME = AppIcon;
				ASSETCATALOG_COMPILER_GLOBAL_ACCENT_COLOR_NAME = AccentColor;
				CODE_SIGN_STYLE = Automatic;
				CURRENT_PROJECT_VERSION = 1;
				DEVELOPMENT_TEAM = R6SSQ5A38J;
				ENABLE_PREVIEWS = YES;
				GENERATE_INFOPLIST_FILE = YES;
				INFOPLIST_KEY_UIApplicationSceneManifest_Generation = YES;
				INFOPLIST_KEY_UIApplicationSupportsIndirectInputEvents = YES;
				INFOPLIST_KEY_UILaunchScreen_Generation = YES;
				INFOPLIST_KEY_UISupportedInterfaceOrientations_iPad = "UIInterfaceOrientationPortrait UIInterfaceOrientationPortraitUpsideDown UIInterfaceOrientationLandscapeLeft UIInterfaceOrientationLandscapeRight";
				INFOPLIST_KEY_UISupportedInterfaceOrientations_iPhone = "UIInterfaceOrientationPortrait UIInterfaceOrientationLandscapeLeft UIInterfaceOrientationLandscapeRight";
				LD_RUNPATH_SEARCH_PATHS = (
					"$(inherited)",
					"@executable_path/Frameworks",
				);
				MARKETING_VERSION = 1.0;
				PRODUCT_BUNDLE_IDENTIFIER = "com.synbydesign.Pocket-Pull";
				PRODUCT_NAME = "$(TARGET_NAME)";
				STRING_CATALOG_GENERATE_SYMBOLS = YES;
				SWIFT_APPROACHABLE_CONCURRENCY = YES;
				SWIFT_DEFAULT_ACTOR_ISOLATION = MainActor;
				SWIFT_EMIT_LOC_STRINGS = YES;
				SWIFT_UPCOMING_FEATURE_MEMBER_IMPORT_VISIBILITY = YES;
				SWIFT_VERSION = 5.0;
				TARGETED_DEVICE_FAMILY = "1,2";
			};
			name = Debug;
		};
		4DDF8DD62FB8E6BA002F796F /* Release */ = {
			isa = XCBuildConfiguration;
			buildSettings = {
				ASSETCATALOG_COMPILER_APPICON_NAME = AppIcon;
				ASSETCATALOG_COMPILER_GLOBAL_ACCENT_COLOR_NAME = AccentColor;
				CODE_SIGN_STYLE = Automatic;
				CURRENT_PROJECT_VERSION = 1;
				DEVELOPMENT_TEAM = R6SSQ5A38J;
				ENABLE_PREVIEWS = YES;
				GENERATE_INFOPLIST_FILE = YES;
				INFOPLIST_KEY_UIApplicationSceneManifest_Generation = YES;
				INFOPLIST_KEY_UIApplicationSupportsIndirectInputEvents = YES;
				INFOPLIST_KEY_UILaunchScreen_Generation = YES;
				INFOPLIST_KEY_UISupportedInterfaceOrientations_iPad = "UIInterfaceOrientationPortrait UIInterfaceOrientationPortraitUpsideDown UIInterfaceOrientationLandscapeLeft UIInterfaceOrientationLandscapeRight";
				INFOPLIST_KEY_UISupportedInterfaceOrientations_iPhone = "UIInterfaceOrientationPortrait UIInterfaceOrientationLandscapeLeft UIInterfaceOrientationLandscapeRight";
				LD_RUNPATH_SEARCH_PATHS = (
					"$(inherited)",
					"@executable_path/Frameworks",
				);
				MARKETING_VERSION = 1.0;
				PRODUCT_BUNDLE_IDENTIFIER = "com.synbydesign.Pocket-Pull";
				PRODUCT_NAME = "$(TARGET_NAME)";
				STRING_CATALOG_GENERATE_SYMBOLS = YES;
				SWIFT_APPROACHABLE_CONCURRENCY = YES;
				SWIFT_DEFAULT_ACTOR_ISOLATION = MainActor;
				SWIFT_EMIT_LOC_STRINGS = YES;
				SWIFT_UPCOMING_FEATURE_MEMBER_IMPORT_VISIBILITY = YES;
				SWIFT_VERSION = 5.0;
				TARGETED_DEVICE_FAMILY = "1,2";
			};
			name = Release;
		};
		4DDF8DD82FB8E6BA002F796F /* Debug */ = {
			isa = XCBuildConfiguration;
			buildSettings = {
				BUNDLE_LOADER = "$(TEST_HOST)";
				CODE_SIGN_STYLE = Automatic;
				CURRENT_PROJECT_VERSION = 1;
				DEVELOPMENT_TEAM = R6SSQ5A38J;
				GENERATE_INFOPLIST_FILE = YES;
				IPHONEOS_DEPLOYMENT_TARGET = 26.0;
				MARKETING_VERSION = 1.0;
				PRODUCT_BUNDLE_IDENTIFIER = "com.synbydesign.Pocket-PullTests";
				PRODUCT_NAME = "$(TARGET_NAME)";
				STRING_CATALOG_GENERATE_SYMBOLS = NO;
				SWIFT_APPROACHABLE_CONCURRENCY = YES;
				SWIFT_EMIT_LOC_STRINGS = NO;
				SWIFT_UPCOMING_FEATURE_MEMBER_IMPORT_VISIBILITY = YES;
				SWIFT_VERSION = 5.0;
				TARGETED_DEVICE_FAMILY = "1,2";
				TEST_HOST = "$(BUILT_PRODUCTS_DIR)/Pocket Pull.app/$(BUNDLE_EXECUTABLE_FOLDER_PATH)/Pocket Pull";
			};
			name = Debug;
		};
		4DDF8DD92FB8E6BA002F796F /* Release */ = {
			isa = XCBuildConfiguration;
			buildSettings = {
				BUNDLE_LOADER = "$(TEST_HOST)";
				CODE_SIGN_STYLE = Automatic;
				CURRENT_PROJECT_VERSION = 1;
				DEVELOPMENT_TEAM = R6SSQ5A38J;
				GENERATE_INFOPLIST_FILE = YES;
				IPHONEOS_DEPLOYMENT_TARGET = 26.0;
				MARKETING_VERSION = 1.0;
				PRODUCT_BUNDLE_IDENTIFIER = "com.synbydesign.Pocket-PullTests";
				PRODUCT_NAME = "$(TARGET_NAME)";
				STRING_CATALOG_GENERATE_SYMBOLS = NO;
				SWIFT_APPROACHABLE_CONCURRENCY = YES;
				SWIFT_EMIT_LOC_STRINGS = NO;
				SWIFT_UPCOMING_FEATURE_MEMBER_IMPORT_VISIBILITY = YES;
				SWIFT_VERSION = 5.0;
				TARGETED_DEVICE_FAMILY = "1,2";
				TEST_HOST = "$(BUILT_PRODUCTS_DIR)/Pocket Pull.app/$(BUNDLE_EXECUTABLE_FOLDER_PATH)/Pocket Pull";
			};
			name = Release;
		};
		4DDF8DDB2FB8E6BA002F796F /* Debug */ = {
			isa = XCBuildConfiguration;
			buildSettings = {
				CODE_SIGN_STYLE = Automatic;
				CURRENT_PROJECT_VERSION = 1;
				DEVELOPMENT_TEAM = R6SSQ5A38J;
				GENERATE_INFOPLIST_FILE = YES;
				MARKETING_VERSION = 1.0;
				PRODUCT_BUNDLE_IDENTIFIER = "com.synbydesign.Pocket-PullUITests";
				PRODUCT_NAME = "$(TARGET_NAME)";
				STRING_CATALOG_GENERATE_SYMBOLS = NO;
				SWIFT_APPROACHABLE_CONCURRENCY = YES;
				SWIFT_EMIT_LOC_STRINGS = NO;
				SWIFT_UPCOMING_FEATURE_MEMBER_IMPORT_VISIBILITY = YES;
				SWIFT_VERSION = 5.0;
				TARGETED_DEVICE_FAMILY = "1,2";
				TEST_TARGET_NAME = "Pocket Pull";
			};
			name = Debug;
		};
		4DDF8DDC2FB8E6BA002F796F /* Release */ = {
			isa = XCBuildConfiguration;
			buildSettings = {
				CODE_SIGN_STYLE = Automatic;
				CURRENT_PROJECT_VERSION = 1;
				DEVELOPMENT_TEAM = R6SSQ5A38J;
				GENERATE_INFOPLIST_FILE = YES;
				MARKETING_VERSION = 1.0;
				PRODUCT_BUNDLE_IDENTIFIER = "com.synbydesign.Pocket-PullUITests";
				PRODUCT_NAME = "$(TARGET_NAME)";
				STRING_CATALOG_GENERATE_SYMBOLS = NO;
				SWIFT_APPROACHABLE_CONCURRENCY = YES;
				SWIFT_EMIT_LOC_STRINGS = NO;
				SWIFT_UPCOMING_FEATURE_MEMBER_IMPORT_VISIBILITY = YES;
				SWIFT_VERSION = 5.0;
				TARGETED_DEVICE_FAMILY = "1,2";
				TEST_TARGET_NAME = "Pocket Pull";
			};
			name = Release;
		};
/* End XCBuildConfiguration section */

/* Begin XCConfigurationList section */
		4DDF8DAE2FB8E6B9002F796F /* Build configuration list for PBXProject "Pocket Pull" */ = {
			isa = XCConfigurationList;
			buildConfigurations = (
				4DDF8DD22FB8E6BA002F796F /* Debug */,
				4DDF8DD32FB8E6BA002F796F /* Release */,
			);
			defaultConfigurationIsVisible = 0;
			defaultConfigurationName = Release;
		};
		4DDF8DD42FB8E6BA002F796F /* Build configuration list for PBXNativeTarget "Pocket Pull" */ = {
			isa = XCConfigurationList;
			buildConfigurations = (
				4DDF8DD52FB8E6BA002F796F /* Debug */,
				4DDF8DD62FB8E6BA002F796F /* Release */,
			);
			defaultConfigurationIsVisible = 0;
			defaultConfigurationName = Release;
		};
		4DDF8DD72FB8E6BA002F796F /* Build configuration list for PBXNativeTarget "Pocket PullTests" */ = {
			isa = XCConfigurationList;
			buildConfigurations = (
				4DDF8DD82FB8E6BA002F796F /* Debug */,
				4DDF8DD92FB8E6BA002F796F /* Release */,
			);
			defaultConfigurationIsVisible = 0;
			defaultConfigurationName = Release;
		};
		4DDF8DDA2FB8E6BA002F796F /* Build configuration list for PBXNativeTarget "Pocket PullUITests" */ = {
			isa = XCConfigurationList;
			buildConfigurations = (
				4DDF8DDB2FB8E6BA002F796F /* Debug */,
				4DDF8DDC2FB8E6BA002F796F /* Release */,
			);
			defaultConfigurationIsVisible = 0;
			defaultConfigurationName = Release;
		};
/* End XCConfigurationList section */
	};
	rootObject = 4DDF8DAB2FB8E6B9002F796F /* Project object */;
}
